{
  "originHash" : "6c124c0eef2b16cbeb0b65af0218a81aaea470f61b6383d5d39fc96270729101",
  "pins" : [
    {
      "identity" : "alamofire",
      "kind" : "remoteSourceControl",
      "location" : "https://github.com/Alamofire/Alamofire.git",
      "state" : {
        "revision" : "513364f870f6bfc468f9d2ff0a95caccc10044c5",
        "version" : "5.10.2"
      }
    },
    {
      "identity" : "kakao-ios-sdk",
      "kind" : "remoteSourceControl",
      "location" : "https://github.com/kakao/kakao-ios-sdk",
      "state" : {
        "revision" : "ab4309c1950550add307046ad1e08024c7514603",
        "version" : "2.23.0"
      }
    },
    {
      "identity" : "naveridlogin-sdk-ios-swift",
      "kind" : "remoteSourceControl",
      "location" : "https://github.com/naver/naveridlogin-sdk-ios-swift",
      "state" : {
        "revision" : "ad8dc5c0e373720b4688f54a259e131c4e2988bf",
        "version" : "5.0.0"
      }
    }
  ],
  "version" : 3
}
